
Microsoft Visual Studio Solution File, Format Version 12.00
# Visual Studio Version 17
VisualStudioVersion = 17.6.33723.286
MinimumVisualStudioVersion = 10.0.40219.1
Project("{FAE04EC0-301F-11D3-BF4B-00C04F79EFBC}") = "2005naOvamo", "2005naOvamo\2005naOvamo.csproj", "{27F7AB77-4A95-4739-9F7C-1CD6B866B57B}"
EndProject
Global
	GlobalSection(SolutionConfigurationPlatforms) = preSolution
		Debug|Any CPU = Debug|Any CPU
		Release|Any CPU = Release|Any CPU
	EndGlobalSection
	GlobalSection(ProjectConfigurationPlatforms) = postSolution
		{27F7AB77-4A95-4739-9F7C-1CD6B866B57B}.Debug|Any CPU.ActiveCfg = Debug|Any CPU
		{27F7AB77-4A95-4739-9F7C-1CD6B866B57B}.Debug|Any CPU.Build.0 = Debug|Any CPU
		{27F7AB77-4A95-4739-9F7C-1CD6B866B57B}.Release|Any CPU.ActiveCfg = Release|Any CPU
		{27F7AB77-4A95-4739-9F7C-1CD6B866B57B}.Release|Any CPU.Build.0 = Release|Any CPU
	EndGlobalSection
	GlobalSection(SolutionProperties) = preSolution
		HideSolutionNode = FALSE
	EndGlobalSection
	GlobalSection(ExtensibilityGlobals) = postSolution
		SolutionGuid = {768B0D74-867C-4268-BE68-322878D6C692}
	EndGlobalSection
EndGlobal
